<Solution>
  <Folder Name="/src/">
    <Project Path="src/YG.Host/YG.Host.csproj" />
  </Folder>
  <Folder Name="/src/BuildingBlocks/">
    <Project Path="src/BuildingBlocks/YG.BuildingBlocks.Auth/YG.BuildingBlocks.Auth.csproj" Id="06c5a993-6603-472a-9baf-e167fecfd808" />
    <Project Path="src/BuildingBlocks/YG.BuildingBlocks.Messaging/YG.BuildingBlocks.Messaging.csproj" Id="5c1e3e7d-eb2d-4db8-be6e-fbf24c38370d" />
    <Project Path="src/BuildingBlocks/YG.BuildingBlocks.Modules/YG.BuildingBlocks.Modules.csproj" />
    <Project Path="src/BuildingBlocks/YG.BuildingBlocks.Persistence/YG.BuildingBlocks.Persistence.csproj" Id="c99d2ee7-925e-494c-ab72-8b2ed4f5df58" />
  </Folder>
  <Folder Name="/src/Modules/">
    <Project Path="src/Modules/Access/YG.Modules.Access.Contracts/YG.Modules.Access.Contracts.csproj" Id="39995623-ca96-4222-8fa8-16a0f23025fe" />
    <Project Path="src/Modules/Access/YG.Modules.Access/YG.Modules.Access.csproj" Id="6044e25e-8557-4995-a68c-bd4aae336eab" />
    <Project Path="src/Modules/Catalog/YG.Modules.Catalog.Contracts/YG.Modules.Catalog.Contracts.csproj" Id="aafb38f6-6bf2-4104-bb9f-f5d1d6067b2c" />
    <Project Path="src/Modules/Catalog/YG.Modules.Catalog/YG.Modules.Catalog.csproj" />
    <Project Path="src/Modules/Identity/YG.Modules.Identity.Contracts/YG.Modules.Identity.Contracts.csproj" Id="7d0d1b8a-de80-4f05-bda6-2271529526cb" />
    <Project Path="src/Modules/Identity/YG.Modules.Identity/YG.Modules.Identity.csproj" Id="4ff14fd4-8bcd-410a-a8ca-0c97436fea1e" />
    <Project Path="src/Modules/Inventory/YG.Modules.Inventory.Contracts/YG.Modules.Inventory.Contracts.csproj" />
    <Project Path="src/Modules/Inventory/YG.Modules.Inventory/YG.Modules.Inventory.csproj" />
    <Project Path="src/Modules/Purchase/YG.Modules.Purchase/YG.Modules.Purchase.csproj" />
    <Project Path="src/Modules/Workflow/YG.Modules.Workflow.Contracts/YG.Modules.Workflow.Contracts.csproj" Id="860a05c6-b192-4ca4-b1f2-979e5a61fb3d" />
    <Project Path="src/Modules/Workflow/YG.Modules.Workflow/YG.Modules.Workflow.csproj" Id="cbfb99e8-f63e-48bf-8e92-40e86e296433" />
  </Folder>
  <Folder Name="/tests/">
    <Project Path="tests/YG.ArchitectureTests/YG.ArchitectureTests.csproj" />
  </Folder>
</Solution>
